
Microsoft Visual Studio Solution File, Format Version 12.00
# Visual Studio Version 17
VisualStudioVersion = 17.9.34714.143
MinimumVisualStudioVersion = 10.0.40219.1
Project("{FAE04EC0-301F-11D3-BF4B-00C04F79EFBC}") = "Casino roulette", "Casino roulette\Casino roulette.csproj", "{C4B6AD05-0347-48B0-A723-82B41F864109}"
EndProject
Global
	GlobalSection(SolutionConfigurationPlatforms) = preSolution
		Debug|Any CPU = Debug|Any CPU
		Release|Any CPU = Release|Any CPU
	EndGlobalSection
	GlobalSection(ProjectConfigurationPlatforms) = postSolution
		{C4B6AD05-0347-48B0-A723-82B41F864109}.Debug|Any CPU.ActiveCfg = Debug|Any CPU
		{C4B6AD05-0347-48B0-A723-82B41F864109}.Debug|Any CPU.Build.0 = Debug|Any CPU
		{C4B6AD05-0347-48B0-A723-82B41F864109}.Release|Any CPU.ActiveCfg = Release|Any CPU
		{C4B6AD05-0347-48B0-A723-82B41F864109}.Release|Any CPU.Build.0 = Release|Any CPU
	EndGlobalSection
	GlobalSection(SolutionProperties) = preSolution
		HideSolutionNode = FALSE
	EndGlobalSection
	GlobalSection(ExtensibilityGlobals) = postSolution
		SolutionGuid = {25E8A400-3B84-4B9E-81EA-5250A53BCCCB}
	EndGlobalSection
EndGlobal
